
Microsoft Visual Studio Solution File, Format Version 12.00
# Visual Studio Version 16
VisualStudioVersion = 16.0.808.8
MinimumVisualStudioVersion = 10.0.40219.1
Project("{FAE04EC0-301F-11D3-BF4B-00C04F79EFBC}") = "TaschenrechnerApp", "TaschenrechnerApp\TaschenrechnerApp.csproj", "{FE660CD9-6BCF-4812-BE3E-F56A9431625B}"
EndProject
Global
	GlobalSection(SolutionConfigurationPlatforms) = preSolution
		Debug|anycpu = Debug|anycpu
		Release|anycpu = Release|anycpu
	EndGlobalSection
	GlobalSection(ProjectConfigurationPlatforms) = postSolution
		{FE660CD9-6BCF-4812-BE3E-F56A9431625B}.Debug|anycpu.ActiveCfg = Debug|anycpu
		{FE660CD9-6BCF-4812-BE3E-F56A9431625B}.Debug|anycpu.Build.0 = Debug|anycpu
		{FE660CD9-6BCF-4812-BE3E-F56A9431625B}.Release|anycpu.ActiveCfg = Release|anycpu
		{FE660CD9-6BCF-4812-BE3E-F56A9431625B}.Release|anycpu.Build.0 = Release|anycpu
	EndGlobalSection
	GlobalSection(SolutionProperties) = preSolution
		HideSolutionNode = FALSE
	EndGlobalSection
	GlobalSection(ExtensibilityGlobals) = postSolution
		SolutionGuid = {09DE65FA-0708-49C7-A6A0-74AE3A0D53D0}
	EndGlobalSection
EndGlobal
